
Microsoft Visual Studio Solution File, Format Version 12.00
# Visual Studio Version 16
VisualStudioVersion = 16.0.29025.244
MinimumVisualStudioVersion = 10.0.40219.1
Project("{9A19103F-16F7-4668-BE54-9A1E7A4F7556}") = "WebUI", "MotoSocia\WebUI.csproj", "{C79363F5-DC11-4455-9418-838493594047}"
EndProject
Project("{9A19103F-16F7-4668-BE54-9A1E7A4F7556}") = "Application", "Application\Application.csproj", "{6ACEE175-C6D2-43CE-B20D-474FA8ACB0B2}"
EndProject
Project("{9A19103F-16F7-4668-BE54-9A1E7A4F7556}") = "Infrastructure", "Infrastructure\Infrastructure.csproj", "{CACC2D5D-13C4-4569-B871-C4600D903F6F}"
EndProject
Project("{9A19103F-16F7-4668-BE54-9A1E7A4F7556}") = "Persistence", "Persistence\Persistence.csproj", "{9165DE93-E93B-43B0-ACB9-B580BB29E499}"
EndProject
Project("{9A19103F-16F7-4668-BE54-9A1E7A4F7556}") = "Domain", "Domain\Domain.csproj", "{ECE8E2C8-9E79-4629-AA47-06279CA5757B}"
EndProject
Project("{FAE04EC0-301F-11D3-BF4B-00C04F79EFBC}") = "Application.Tests", "Application.Tests\Application.Tests.csproj", "{E7D3837D-FDE8-4889-86D2-2F7D2731ED18}"
EndProject
Global
	GlobalSection(SolutionConfigurationPlatforms) = preSolution
		Debug|Any CPU = Debug|Any CPU
		Release|Any CPU = Release|Any CPU
	EndGlobalSection
	GlobalSection(ProjectConfigurationPlatforms) = postSolution
		{C79363F5-DC11-4455-9418-838493594047}.Debug|Any CPU.ActiveCfg = Debug|Any CPU
		{C79363F5-DC11-4455-9418-838493594047}.Debug|Any CPU.Build.0 = Debug|Any CPU
		{C79363F5-DC11-4455-9418-838493594047}.Release|Any CPU.ActiveCfg = Release|Any CPU
		{C79363F5-DC11-4455-9418-838493594047}.Release|Any CPU.Build.0 = Release|Any CPU
		{6ACEE175-C6D2-43CE-B20D-474FA8ACB0B2}.Debug|Any CPU.ActiveCfg = Debug|Any CPU
		{6ACEE175-C6D2-43CE-B20D-474FA8ACB0B2}.Debug|Any CPU.Build.0 = Debug|Any CPU
		{6ACEE175-C6D2-43CE-B20D-474FA8ACB0B2}.Release|Any CPU.ActiveCfg = Release|Any CPU
		{6ACEE175-C6D2-43CE-B20D-474FA8ACB0B2}.Release|Any CPU.Build.0 = Release|Any CPU
		{CACC2D5D-13C4-4569-B871-C4600D903F6F}.Debug|Any CPU.ActiveCfg = Debug|Any CPU
		{CACC2D5D-13C4-4569-B871-C4600D903F6F}.Debug|Any CPU.Build.0 = Debug|Any CPU
		{CACC2D5D-13C4-4569-B871-C4600D903F6F}.Release|Any CPU.ActiveCfg = Release|Any CPU
		{CACC2D5D-13C4-4569-B871-C4600D903F6F}.Release|Any CPU.Build.0 = Release|Any CPU
		{9165DE93-E93B-43B0-ACB9-B580BB29E499}.Debug|Any CPU.ActiveCfg = Debug|Any CPU
		{9165DE93-E93B-43B0-ACB9-B580BB29E499}.Debug|Any CPU.Build.0 = Debug|Any CPU
		{9165DE93-E93B-43B0-ACB9-B580BB29E499}.Release|Any CPU.ActiveCfg = Release|Any CPU
		{9165DE93-E93B-43B0-ACB9-B580BB29E499}.Release|Any CPU.Build.0 = Release|Any CPU
		{ECE8E2C8-9E79-4629-AA47-06279CA5757B}.Debug|Any CPU.ActiveCfg = Debug|Any CPU
		{ECE8E2C8-9E79-4629-AA47-06279CA5757B}.Debug|Any CPU.Build.0 = Debug|Any CPU
		{ECE8E2C8-9E79-4629-AA47-06279CA5757B}.Release|Any CPU.ActiveCfg = Release|Any CPU
		{ECE8E2C8-9E79-4629-AA47-06279CA5757B}.Release|Any CPU.Build.0 = Release|Any CPU
		{E7D3837D-FDE8-4889-86D2-2F7D2731ED18}.Debug|Any CPU.ActiveCfg = Debug|Any CPU
		{E7D3837D-FDE8-4889-86D2-2F7D2731ED18}.Debug|Any CPU.Build.0 = Debug|Any CPU
		{E7D3837D-FDE8-4889-86D2-2F7D2731ED18}.Release|Any CPU.ActiveCfg = Release|Any CPU
		{E7D3837D-FDE8-4889-86D2-2F7D2731ED18}.Release|Any CPU.Build.0 = Release|Any CPU
	EndGlobalSection
	GlobalSection(SolutionProperties) = preSolution
		HideSolutionNode = FALSE
	EndGlobalSection
	GlobalSection(ExtensibilityGlobals) = postSolution
		SolutionGuid = {404C777A-D475-43CF-80C2-3D1A11F6CDC8}
	EndGlobalSection
EndGlobal
